version = 1
revision = 3
requires-python = ">=3.12"

[[package]]
name = "attrs"
version = "25.3.0"
source = { registry = "https://us-python.pkg.dev/artifact-foundry-prod/ah-3p-staging-python/simple/" }
sdist = { url = "https://us-python.pkg.dev/artifact-foundry-prod/ah-3p-staging-python/attrs/attrs-25.3.0.tar.gz", hash = "sha256:75d7cefc7fb576747b2c81b4442d4d4a1ce0900973527c011d1030fd3bf4af1b" }
wheels = [
    { url = "https://us-python.pkg.dev/artifact-foundry-prod/ah-3p-staging-python/attrs/attrs-25.3.0-py3-none-any.whl", hash = "sha256:427318ce031701fea540783410126f03899a97ffc6f61596ad581ac2e40e3bc3" },
]

[[package]]
name = "beautifulsoup4"
version = "4.13.4"
source = { registry = "https://us-python.pkg.dev/artifact-foundry-prod/ah-3p-staging-python/simple/" }
dependencies = [
    { name = "soupsieve" },
    { name = "typing-extensions" },
]
sdist = { url = "https://us-python.pkg.dev/artifact-foundry-prod/ah-3p-staging-python/beautifulsoup4/beautifulsoup4-4.13.4.tar.gz", hash = "sha256:dbb3c4e1ceae6aefebdaf2423247260cd062430a410e38c66f2baa50a8437195" }
wheels = [
    { url = "https://us-python.pkg.dev/artifact-foundry-prod/ah-3p-staging-python/beautifulsoup4/beautifulsoup4-4.13.4-py3-none-any.whl", hash = "sha256:9bbbb14bfde9d79f38b8cd5f8c7c85f4b8f2523190ebed90e950a8dea4cb1c4b" },
]

[[package]]
name = "certifi"
version = "2025.4.26"
source = { registry = "https://us-python.pkg.dev/artifact-foundry-prod/ah-3p-staging-python/simple/" }
sdist = { url = "https://us-python.pkg.dev/artifact-foundry-prod/ah-3p-staging-python/certifi/certifi-2025.4.26.tar.gz", hash = "sha256:0a816057ea3cdefcef70270d2c515e4506bbc954f417fa5ade2021213bb8f0c6" }
wheels = [
    { url = "https://us-python.pkg.dev/artifact-foundry-prod/ah-3p-staging-python/certifi/certifi-2025.4.26-py3-none-any.whl", hash = "sha256:30350364dfe371162649852c63336a15c70c6510c2ad5015b21c2345311805f3" },
]

[[package]]
name = "charset-normalizer"
version = "3.4.2"
source = { registry = "https://us-python.pkg.dev/artifact-foundry-prod/ah-3p-staging-python/simple/" }
sdist = { url = "https://us-python.pkg.dev/artifact-foundry-prod/ah-3p-staging-python/charset-normalizer/charset_normalizer-3.4.2.tar.gz", hash = "sha256:5baececa9ecba31eff645232d59845c07aa030f0c81ee70184a90d35099a0e63" }
wheels = [
    { url = "https://us-python.pkg.dev/artifact-foundry-prod/ah-3p-staging-python/charset-normalizer/charset_normalizer-3.4.2-cp312-cp312-macosx_10_13_universal2.whl", hash = "sha256:0c29de6a1a95f24b9a1aa7aefd27d2487263f00dfd55a77719b530788f75cff7" },
    { url = "https://us-python.pkg.dev/artifact-foundry-prod/ah-3p-staging-python/charset-normalizer/charset_normalizer-3.4.2-cp312-cp312-manylinux_2_17_aarch64.manylinux2014_aarch64.whl", hash = "sha256:cddf7bd982eaa998934a91f69d182aec997c6c468898efe6679af88283b498d3" },
    { url = "https://us-python.pkg.dev/artifact-foundry-prod/ah-3p-staging-python/charset-normalizer/charset_normalizer-3.4.2-cp312-cp312-manylinux_2_17_ppc64le.manylinux2014_ppc64le.whl", hash = "sha256:fcbe676a55d7445b22c10967bceaaf0ee69407fbe0ece4d032b6eb8d4565982a" },
    { url = "https://us-python.pkg.dev/artifact-foundry-prod/ah-3p-staging-python/charset-normalizer/charset_normalizer-3.4.2-cp312-cp312-manylinux_2_17_s390x.manylinux2014_s390x.whl", hash = "sha256:d41c4d287cfc69060fa91cae9683eacffad989f1a10811995fa309df656ec214" },
    { url = "https://us-python.pkg.dev/artifact-foundry-prod/ah-3p-staging-python/charset-normalizer/charset_normalizer-3.4.2-cp312-cp312-manylinux_2_17_x86_64.manylinux2014_x86_64.whl", hash = "sha256:4e594135de17ab3866138f496755f302b72157d115086d100c3f19370839dd3a" },
    { url = "https://us-python.pkg.dev/artifact-foundry-prod/ah-3p-staging-python/charset-normalizer/charset_normalizer-3.4.2-cp312-cp312-manylinux_2_5_i686.manylinux1_i686.manylinux_2_17_i686.manylinux2014_i686.whl", hash = "sha256:cf713fe9a71ef6fd5adf7a79670135081cd4431c2943864757f0fa3a65b1fafd" },
    { url = "https://us-python.pkg.dev/artifact-foundry-prod/ah-3p-staging-python/charset-normalizer/charset_normalizer-3.4.2-cp312-cp312-musllinux_1_2_aarch64.whl", hash = "sha256:a370b3e078e418187da8c3674eddb9d983ec09445c99a3a263c2011993522981" },
    { url = "https://us-python.pkg.dev/artifact-foundry-prod/ah-3p-staging-python/charset-normalizer/charset_normalizer-3.4.2-cp312-cp312-musllinux_1_2_i686.whl", hash = "sha256:a955b438e62efdf7e0b7b52a64dc5c3396e2634baa62471768a64bc2adb73d5c" },
    { url = "https://us-python.pkg.dev/artifact-foundry-prod/ah-3p-staging-python/charset-normalizer/charset_normalizer-3.4.2-cp312-cp312-musllinux_1_2_ppc64le.whl", hash = "sha256:7222ffd5e4de8e57e03ce2cef95a4c43c98fcb72ad86909abdfc2c17d227fc1b" },
    { url = "https://us-python.pkg.dev/artifact-foundry-prod/ah-3p-staging-python/charset-normalizer/charset_normalizer-3.4.2-cp312-cp312-musllinux_1_2_s390x.whl", hash = "sha256:bee093bf902e1d8fc0ac143c88902c3dfc8941f7ea1d6a8dd2bcb786d33db03d" },
    { url = "https://us-python.pkg.dev/artifact-foundry-prod/ah-3p-staging-python/charset-normalizer/charset_normalizer-3.4.2-cp312-cp312-musllinux_1_2_x86_64.whl", hash = "sha256:dedb8adb91d11846ee08bec4c8236c8549ac721c245678282dcb06b221aab59f" },
    { url = "https://us-python.pkg.dev/artifact-foundry-prod/ah-3p-staging-python/charset-normalizer/charset_normalizer-3.4.2-cp312-cp312-win32.whl", hash = "sha256:db4c7bf0e07fc3b7d89ac2a5880a6a8062056801b83ff56d8464b70f65482b6c" },
    { url = "https://us-python.pkg.dev/artifact-foundry-prod/ah-3p-staging-python/charset-normalizer/charset_normalizer-3.4.2-cp312-cp312-win_amd64.whl", hash = "sha256:5a9979887252a82fefd3d3ed2a8e3b937a7a809f65dcb1e068b090e165bbe99e" },
    { url = "https://us-python.pkg.dev/artifact-foundry-prod/ah-3p-staging-python/charset-normalizer/charset_normalizer-3.4.2-cp313-cp313-macosx_10_13_universal2.whl", hash = "sha256:926ca93accd5d36ccdabd803392ddc3e03e6d4cd1cf17deff3b989ab8e9dbcf0" },
    { url = "https://us-python.pkg.dev/artifact-foundry-prod/ah-3p-staging-python/charset-normalizer/charset_normalizer-3.4.2-cp313-cp313-manylinux_2_17_aarch64.manylinux2014_aarch64.whl", hash = "sha256:eba9904b0f38a143592d9fc0e19e2df0fa2e41c3c3745554761c5f6447eedabf" },
    { url = "https://us-python.pkg.dev/artifact-foundry-prod/ah-3p-staging-python/charset-normalizer/charset_normalizer-3.4.2-cp313-cp313-manylinux_2_17_ppc64le.manylinux2014_ppc64le.whl", hash = "sha256:3fddb7e2c84ac87ac3a947cb4e66d143ca5863ef48e4a5ecb83bd48619e4634e" },
    { url = "https://us-python.pkg.dev/artifact-foundry-prod/ah-3p-staging-python/charset-normalizer/charset_normalizer-3.4.2-cp313-cp313-manylinux_2_17_s390x.manylinux2014_s390x.whl", hash = "sha256:98f862da73774290f251b9df8d11161b6cf25b599a66baf087c1ffe340e9bfd1" },
    { url = "https://us-python.pkg.dev/artifact-foundry-prod/ah-3p-staging-python/charset-normalizer/charset_normalizer-3.4.2-cp313-cp313-manylinux_2_17_x86_64.manylinux2014_x86_64.whl", hash = "sha256:6c9379d65defcab82d07b2a9dfbfc2e95bc8fe0ebb1b176a3190230a3ef0e07c" },
    { url = "https://us-python.pkg.dev/artifact-foundry-prod/ah-3p-staging-python/charset-normalizer/charset_normalizer-3.4.2-cp313-cp313-manylinux_2_5_i686.manylinux1_i686.manylinux_2_17_i686.manylinux2014_i686.whl", hash = "sha256:e635b87f01ebc977342e2697d05b56632f5f879a4f15955dfe8cef2448b51691" },
    { url = "https://us-python.pkg.dev/artifact-foundry-prod/ah-3p-staging-python/charset-normalizer/charset_normalizer-3.4.2-cp313-cp313-musllinux_1_2_aarch64.whl", hash = "sha256:1c95a1e2902a8b722868587c0e1184ad5c55631de5afc0eb96bc4b0d738092c0" },
    { url = "https://us-python.pkg.dev/artifact-foundry-prod/ah-3p-staging-python/charset-normalizer/charset_normalizer-3.4.2-cp313-cp313-musllinux_1_2_i686.whl", hash = "sha256:ef8de666d6179b009dce7bcb2ad4c4a779f113f12caf8dc77f0162c29d20490b" },
    { url = "https://us-python.pkg.dev/artifact-foundry-prod/ah-3p-staging-python/charset-normalizer/charset_normalizer-3.4.2-cp313-cp313-musllinux_1_2_ppc64le.whl", hash = "sha256:32fc0341d72e0f73f80acb0a2c94216bd704f4f0bce10aedea38f30502b271ff" },
    { url = "https://us-python.pkg.dev/artifact-foundry-prod/ah-3p-staging-python/charset-normalizer/charset_normalizer-3.4.2-cp313-cp313-musllinux_1_2_s390x.whl", hash = "sha256:289200a18fa698949d2b39c671c2cc7a24d44096784e76614899a7ccf2574b7b" },
    { url = "https://us-python.pkg.dev/artifact-foundry-prod/ah-3p-staging-python/charset-normalizer/charset_normalizer-3.4.2-cp313-cp313-musllinux_1_2_x86_64.whl", hash = "sha256:4a476b06fbcf359ad25d34a057b7219281286ae2477cc5ff5e3f70a246971148" },
    { url = "https://us-python.pkg.dev/artifact-foundry-prod/ah-3p-staging-python/charset-normalizer/charset_normalizer-3.4.2-cp313-cp313-win32.whl", hash = "sha256:aaeeb6a479c7667fbe1099af9617c83aaca22182d6cf8c53966491a0f1b7ffb7" },
    { url = "https://us-python.pkg.dev/artifact-foundry-prod/ah-3p-staging-python/charset-normalizer/charset_normalizer-3.4.2-cp313-cp313-win_amd64.whl", hash = "sha256:aa6af9e7d59f9c12b33ae4e9450619cf2488e2bbe9b44030905877f0b2324980" },
    { url = "https://us-python.pkg.dev/artifact-foundry-prod/ah-3p-staging-python/charset-normalizer/charset_normalizer-3.4.2-py3-none-any.whl", hash = "sha256:7f56930ab0abd1c45cd15be65cc741c28b1c9a34876ce8c17a2fa107810c0af0" },
]

[[package]]
name = "click"
version = "8.2.1"
source = { registry = "https://us-python.pkg.dev/artifact-foundry-prod/ah-3p-staging-python/simple/" }
dependencies = [
    { name = "colorama", marker = "sys_platform == 'win32'" },
]
sdist = { url = "https://us-python.pkg.dev/artifact-foundry-prod/ah-3p-staging-python/click/click-8.2.1.tar.gz", hash = "sha256:27c491cc05d968d271d5a1db13e3b5a184636d9d930f148c50b038f0d0646202" }
wheels = [
    { url = "https://us-python.pkg.dev/artifact-foundry-prod/ah-3p-staging-python/click/click-8.2.1-py3-none-any.whl", hash = "sha256:61a3265b914e850b85317d0b3109c7f8cd35a670f963866005d6ef1d5175a12b" },
]

[[package]]
name = "colorama"
version = "0.4.6"
source = { registry = "https://us-python.pkg.dev/artifact-foundry-prod/ah-3p-staging-python/simple/" }
sdist = { url = "https://us-python.pkg.dev/artifact-foundry-prod/ah-3p-staging-python/colorama/colorama-0.4.6.tar.gz", hash = "sha256:08695f5cb7ed6e0531a20572697297273c47b8cae5a63ffc6d6ed5c201be6e44" }
wheels = [
    { url = "https://us-python.pkg.dev/artifact-foundry-prod/ah-3p-staging-python/colorama/colorama-0.4.6-py2.py3-none-any.whl", hash = "sha256:4f1d9991f5acc0ca119f9d443620b77f9d6b33703e51011c16baf57afb285fc6" },
]

[[package]]
name = "deepdiff"
version = "8.6.1"
source = { registry = "https://pypi.org/simple" }
dependencies = [
    { name = "orderly-set" },
]
sdist = { url = "https://files.pythonhosted.org/packages/19/76/36c9aab3d5c19a94091f7c6c6e784efca50d87b124bf026c36e94719f33c/deepdiff-8.6.1.tar.gz", hash = "sha256:ec56d7a769ca80891b5200ec7bd41eec300ced91ebcc7797b41eb2b3f3ff643a", size = 634054, upload-time = "2025-09-03T19:40:41.461Z" }
wheels = [
    { url = "https://files.pythonhosted.org/packages/f7/e6/efe534ef0952b531b630780e19cabd416e2032697019d5295defc6ef9bd9/deepdiff-8.6.1-py3-none-any.whl", hash = "sha256:ee8708a7f7d37fb273a541fa24ad010ed484192cd0c4ffc0fa0ed5e2d4b9e78b", size = 91378, upload-time = "2025-09-03T19:40:39.679Z" },
]

[[package]]
name = "execnet"
version = "2.1.1"
source = { registry = "https://us-python.pkg.dev/artifact-foundry-prod/ah-3p-staging-python/simple/" }
sdist = { url = "https://us-python.pkg.dev/artifact-foundry-prod/ah-3p-staging-python/execnet/execnet-2.1.1.tar.gz", hash = "sha256:5189b52c6121c24feae288166ab41b32549c7e2348652736540b9e6e7d4e72e3" }
wheels = [
    { url = "https://us-python.pkg.dev/artifact-foundry-prod/ah-3p-staging-python/execnet/execnet-2.1.1-py3-none-any.whl", hash = "sha256:26dee51f1b80cebd6d0ca8e74dd8745419761d3bef34163928cbebbdc4749fdc" },
]

[[package]]
name = "fastcore"
version = "1.8.2"
source = { registry = "https://us-python.pkg.dev/artifact-foundry-prod/ah-3p-staging-python/simple/" }
dependencies = [
    { name = "packaging" },
]
sdist = { url = "https://us-python.pkg.dev/artifact-foundry-prod/ah-3p-staging-python/fastcore/fastcore-1.8.2.tar.gz", hash = "sha256:8d50abd09b4d484589488dab7d78594d681de3466a84d2d1beb8b6db0d0c00b7" }
wheels = [
    { url = "https://us-python.pkg.dev/artifact-foundry-prod/ah-3p-staging-python/fastcore/fastcore-1.8.2-py3-none-any.whl", hash = "sha256:8e66134d9acc411ffdddde64e080e46814e24011c6368b5c9d50165ee8140e8b" },
]

[[package]]
name = "genai-factory"
version = "0.1.0"
source = { virtual = "." }
dependencies = [
    { name = "beautifulsoup4" },
    { name = "click" },
]

[package.dev-dependencies]
test = [
    { name = "deepdiff" },
    { name = "jsonschema" },
    { name = "marko" },
    { name = "pytest" },
    { name = "pytest-xdist" },
    { name = "python-hcl2" },
    { name = "pyyaml" },
    { name = "tftest" },
]
tools = [
    { name = "beautifulsoup4" },
    { name = "click" },
    { name = "deepdiff" },
    { name = "ghapi" },
    { name = "iso8601" },
    { name = "jsonschema" },
    { name = "marko" },
    { name = "requests" },
    { name = "yamale" },
    { name = "yapf" },
]

[package.metadata]
requires-dist = [
    { name = "beautifulsoup4", specifier = ">=4.13.4" },
    { name = "click", specifier = ">=8.2.1" },
]

[package.metadata.requires-dev]
test = [
    { name = "deepdiff", specifier = ">=8.5.0" },
    { name = "jsonschema", specifier = ">=4.24.0" },
    { name = "marko", specifier = ">=2.1.3" },
    { name = "pytest", specifier = ">=8.4.0" },
    { name = "pytest-xdist", specifier = ">=3.7.0" },
    { name = "python-hcl2", specifier = ">=7.2.1" },
    { name = "pyyaml", specifier = ">=6.0.2" },
    { name = "tftest", specifier = ">=1.8.5" },
]
tools = [
    { name = "beautifulsoup4", specifier = ">=4.13.4" },
    { name = "click", specifier = ">=8.2.1" },
    { name = "deepdiff", specifier = ">=8.5.0" },
    { name = "ghapi", specifier = ">=1.0.6" },
    { name = "iso8601", specifier = ">=2.1.0" },
    { name = "jsonschema", specifier = ">=4.24.0" },
    { name = "marko", specifier = ">=2.1.3" },
    { name = "requests", specifier = ">=2.32.4" },
    { name = "yamale", specifier = ">=6.0.0" },
    { name = "yapf", specifier = ">=0.43.0" },
]

[[package]]
name = "ghapi"
version = "1.0.6"
source = { registry = "https://us-python.pkg.dev/artifact-foundry-prod/ah-3p-staging-python/simple/" }
dependencies = [
    { name = "fastcore" },
    { name = "packaging" },
]
sdist = { url = "https://us-python.pkg.dev/artifact-foundry-prod/ah-3p-staging-python/ghapi/ghapi-1.0.6.tar.gz", hash = "sha256:64fdd9f06d8e3373065c42c2a03e067e2bbb9ca18b583cd6e38a28aaad0224f6" }
wheels = [
    { url = "https://us-python.pkg.dev/artifact-foundry-prod/ah-3p-staging-python/ghapi/ghapi-1.0.6-py3-none-any.whl", hash = "sha256:b3d96bf18fcaa2cb7131bad9de2948e2a1c2bb226377a25826f6c80950c57854" },
]

[[package]]
name = "idna"
version = "3.10"
source = { registry = "https://us-python.pkg.dev/artifact-foundry-prod/ah-3p-staging-python/simple/" }
sdist = { url = "https://us-python.pkg.dev/artifact-foundry-prod/ah-3p-staging-python/idna/idna-3.10.tar.gz", hash = "sha256:12f65c9b470abda6dc35cf8e63cc574b1c52b11df2c86030af0ac09b01b13ea9" }
wheels = [
    { url = "https://us-python.pkg.dev/artifact-foundry-prod/ah-3p-staging-python/idna/idna-3.10-py3-none-any.whl", hash = "sha256:946d195a0d259cbba61165e88e65941f16e9b36ea6ddb97f00452bae8b1287d3" },
]

[[package]]
name = "iniconfig"
version = "2.1.0"
source = { registry = "https://us-python.pkg.dev/artifact-foundry-prod/ah-3p-staging-python/simple/" }
sdist = { url = "https://us-python.pkg.dev/artifact-foundry-prod/ah-3p-staging-python/iniconfig/iniconfig-2.1.0.tar.gz", hash = "sha256:3abbd2e30b36733fee78f9c7f7308f2d0050e88f0087fd25c2645f63c773e1c7" }
wheels = [
    { url = "https://us-python.pkg.dev/artifact-foundry-prod/ah-3p-staging-python/iniconfig/iniconfig-2.1.0-py3-none-any.whl", hash = "sha256:9deba5723312380e77435581c6bf4935c94cbfab9b1ed33ef8d238ea168eb760" },
]

[[package]]
name = "iso8601"
version = "2.1.0"
source = { registry = "https://us-python.pkg.dev/artifact-foundry-prod/ah-3p-staging-python/simple/" }
sdist = { url = "https://us-python.pkg.dev/artifact-foundry-prod/ah-3p-staging-python/iso8601/iso8601-2.1.0.tar.gz", hash = "sha256:6b1d3829ee8921c4301998c909f7829fa9ed3cbdac0d3b16af2d743aed1ba8df" }
wheels = [
    { url = "https://us-python.pkg.dev/artifact-foundry-prod/ah-3p-staging-python/iso8601/iso8601-2.1.0-py3-none-any.whl", hash = "sha256:aac4145c4dcb66ad8b648a02830f5e2ff6c24af20f4f482689be402db2429242" },
]

[[package]]
name = "jsonschema"
version = "4.24.0"
source = { registry = "https://us-python.pkg.dev/artifact-foundry-prod/ah-3p-staging-python/simple/" }
dependencies = [
    { name = "attrs" },
    { name = "jsonschema-specifications" },
    { name = "referencing" },
    { name = "rpds-py" },
]
sdist = { url = "https://us-python.pkg.dev/artifact-foundry-prod/ah-3p-staging-python/jsonschema/jsonschema-4.24.0.tar.gz", hash = "sha256:0b4e8069eb12aedfa881333004bccaec24ecef5a8a6a4b6df142b2cc9599d196" }
wheels = [
    { url = "https://us-python.pkg.dev/artifact-foundry-prod/ah-3p-staging-python/jsonschema/jsonschema-4.24.0-py3-none-any.whl", hash = "sha256:a462455f19f5faf404a7902952b6f0e3ce868f3ee09a359b05eca6673bd8412d" },
]

[[package]]
name = "jsonschema-specifications"
version = "2025.4.1"
source = { registry = "https://us-python.pkg.dev/artifact-foundry-prod/ah-3p-staging-python/simple/" }
dependencies = [
    { name = "referencing" },
]
sdist = { url = "https://us-python.pkg.dev/artifact-foundry-prod/ah-3p-staging-python/jsonschema-specifications/jsonschema_specifications-2025.4.1.tar.gz", hash = "sha256:630159c9f4dbea161a6a2205c3011cc4f18ff381b189fff48bb39b9bf26ae608" }
wheels = [
    { url = "https://us-python.pkg.dev/artifact-foundry-prod/ah-3p-staging-python/jsonschema-specifications/jsonschema_specifications-2025.4.1-py3-none-any.whl", hash = "sha256:4653bffbd6584f7de83a67e0d620ef16900b390ddc7939d56684d6c81e33f1af" },
]

[[package]]
name = "lark"
version = "1.2.2"
source = { registry = "https://us-python.pkg.dev/artifact-foundry-prod/ah-3p-staging-python/simple/" }
sdist = { url = "https://us-python.pkg.dev/artifact-foundry-prod/ah-3p-staging-python/lark/lark-1.2.2.tar.gz", hash = "sha256:ca807d0162cd16cef15a8feecb862d7319e7a09bdb13aef927968e45040fed80" }
wheels = [
    { url = "https://us-python.pkg.dev/artifact-foundry-prod/ah-3p-staging-python/lark/lark-1.2.2-py3-none-any.whl", hash = "sha256:c2276486b02f0f1b90be155f2c8ba4a8e194d42775786db622faccd652d8e80c" },
]

[[package]]
name = "marko"
version = "2.1.3"
source = { registry = "https://us-python.pkg.dev/artifact-foundry-prod/ah-3p-staging-python/simple/" }
sdist = { url = "https://us-python.pkg.dev/artifact-foundry-prod/ah-3p-staging-python/marko/marko-2.1.3.tar.gz", hash = "sha256:31aacb14867328f054cc39f884212907822a43d6a30cd75b0767e001a5e2f9fc" }
wheels = [
    { url = "https://us-python.pkg.dev/artifact-foundry-prod/ah-3p-staging-python/marko/marko-2.1.3-py3-none-any.whl", hash = "sha256:b4125d44b94606d6f13ddc77fef8cc4c87f70d54bc7d52d6547958b9f998a9d5" },
]

[[package]]
name = "orderly-set"
version = "5.4.1"
source = { registry = "https://us-python.pkg.dev/artifact-foundry-prod/ah-3p-staging-python/simple/" }
sdist = { url = "https://us-python.pkg.dev/artifact-foundry-prod/ah-3p-staging-python/orderly-set/orderly_set-5.4.1.tar.gz", hash = "sha256:a1fb5a4fdc5e234e9e8d8e5c1bbdbc4540f4dfe50d12bf17c8bc5dbf1c9c878d" }
wheels = [
    { url = "https://us-python.pkg.dev/artifact-foundry-prod/ah-3p-staging-python/orderly-set/orderly_set-5.4.1-py3-none-any.whl", hash = "sha256:b5e21d21680bd9ef456885db800c5cb4f76a03879880c0175e1b077fb166fd83" },
]

[[package]]
name = "packaging"
version = "25.0"
source = { registry = "https://us-python.pkg.dev/artifact-foundry-prod/ah-3p-staging-python/simple/" }
sdist = { url = "https://us-python.pkg.dev/artifact-foundry-prod/ah-3p-staging-python/packaging/packaging-25.0.tar.gz", hash = "sha256:d443872c98d677bf60f6a1f2f8c1cb748e8fe762d2bf9d3148b5599295b0fc4f" }
wheels = [
    { url = "https://us-python.pkg.dev/artifact-foundry-prod/ah-3p-staging-python/packaging/packaging-25.0-py3-none-any.whl", hash = "sha256:29572ef2b1f17581046b3a2227d5c611fb25ec70ca1ba8554b24b0e69331a484" },
]

[[package]]
name = "platformdirs"
version = "4.3.8"
source = { registry = "https://us-python.pkg.dev/artifact-foundry-prod/ah-3p-staging-python/simple/" }
sdist = { url = "https://us-python.pkg.dev/artifact-foundry-prod/ah-3p-staging-python/platformdirs/platformdirs-4.3.8.tar.gz", hash = "sha256:3d512d96e16bcb959a814c9f348431070822a6496326a4be0911c40b5a74c2bc" }
wheels = [
    { url = "https://us-python.pkg.dev/artifact-foundry-prod/ah-3p-staging-python/platformdirs/platformdirs-4.3.8-py3-none-any.whl", hash = "sha256:ff7059bb7eb1179e2685604f4aaf157cfd9535242bd23742eadc3c13542139b4" },
]

[[package]]
name = "pluggy"
version = "1.6.0"
source = { registry = "https://us-python.pkg.dev/artifact-foundry-prod/ah-3p-staging-python/simple/" }
sdist = { url = "https://us-python.pkg.dev/artifact-foundry-prod/ah-3p-staging-python/pluggy/pluggy-1.6.0.tar.gz", hash = "sha256:7dcc130b76258d33b90f61b658791dede3486c3e6bfb003ee5c9bfb396dd22f3" }
wheels = [
    { url = "https://us-python.pkg.dev/artifact-foundry-prod/ah-3p-staging-python/pluggy/pluggy-1.6.0-py3-none-any.whl", hash = "sha256:e920276dd6813095e9377c0bc5566d94c932c33b27a3e3945d8389c374dd4746" },
]

[[package]]
name = "pygments"
version = "2.19.1"
source = { registry = "https://us-python.pkg.dev/artifact-foundry-prod/ah-3p-staging-python/simple/" }
sdist = { url = "https://us-python.pkg.dev/artifact-foundry-prod/ah-3p-staging-python/pygments/pygments-2.19.1.tar.gz", hash = "sha256:61c16d2a8576dc0649d9f39e089b5f02bcd27fba10d8fb4dcc28173f7a45151f" }
wheels = [
    { url = "https://us-python.pkg.dev/artifact-foundry-prod/ah-3p-staging-python/pygments/pygments-2.19.1-py3-none-any.whl", hash = "sha256:9ea1544ad55cecf4b8242fab6dd35a93bbce657034b0611ee383099054ab6d8c" },
]

[[package]]
name = "pytest"
version = "8.4.0"
source = { registry = "https://us-python.pkg.dev/artifact-foundry-prod/ah-3p-staging-python/simple/" }
dependencies = [
    { name = "colorama", marker = "sys_platform == 'win32'" },
    { name = "iniconfig" },
    { name = "packaging" },
    { name = "pluggy" },
    { name = "pygments" },
]
sdist = { url = "https://us-python.pkg.dev/artifact-foundry-prod/ah-3p-staging-python/pytest/pytest-8.4.0.tar.gz", hash = "sha256:14d920b48472ea0dbf68e45b96cd1ffda4705f33307dcc86c676c1b5104838a6" }
wheels = [
    { url = "https://us-python.pkg.dev/artifact-foundry-prod/ah-3p-staging-python/pytest/pytest-8.4.0-py3-none-any.whl", hash = "sha256:f40f825768ad76c0977cbacdf1fd37c6f7a468e460ea6a0636078f8972d4517e" },
]

[[package]]
name = "pytest-xdist"
version = "3.7.0"
source = { registry = "https://us-python.pkg.dev/artifact-foundry-prod/ah-3p-staging-python/simple/" }
dependencies = [
    { name = "execnet" },
    { name = "pytest" },
]
sdist = { url = "https://us-python.pkg.dev/artifact-foundry-prod/ah-3p-staging-python/pytest-xdist/pytest_xdist-3.7.0.tar.gz", hash = "sha256:f9248c99a7c15b7d2f90715df93610353a485827bc06eefb6566d23f6400f126" }
wheels = [
    { url = "https://us-python.pkg.dev/artifact-foundry-prod/ah-3p-staging-python/pytest-xdist/pytest_xdist-3.7.0-py3-none-any.whl", hash = "sha256:7d3fbd255998265052435eb9daa4e99b62e6fb9cfb6efd1f858d4d8c0c7f0ca0" },
]

[[package]]
name = "python-hcl2"
version = "7.2.1"
source = { registry = "https://us-python.pkg.dev/artifact-foundry-prod/ah-3p-staging-python/simple/" }
dependencies = [
    { name = "lark" },
]
sdist = { url = "https://us-python.pkg.dev/artifact-foundry-prod/ah-3p-staging-python/python-hcl2/python_hcl2-7.2.1.tar.gz", hash = "sha256:bb5aad9e157ef65551a1fda0c08b170127b88caa416151c968b9688dbe99153d" }
wheels = [
    { url = "https://us-python.pkg.dev/artifact-foundry-prod/ah-3p-staging-python/python-hcl2/python_hcl2-7.2.1-py3-none-any.whl", hash = "sha256:cf54115c7f9878f0666b69ce692bca0b42262e6984b8838216251248c82bf838" },
]

[[package]]
name = "pyyaml"
version = "6.0.2"
source = { registry = "https://us-python.pkg.dev/artifact-foundry-prod/ah-3p-staging-python/simple/" }
sdist = { url = "https://us-python.pkg.dev/artifact-foundry-prod/ah-3p-staging-python/pyyaml/pyyaml-6.0.2.tar.gz", hash = "sha256:d584d9ec91ad65861cc08d42e834324ef890a082e591037abe114850ff7bbc3e" }
wheels = [
    { url = "https://us-python.pkg.dev/artifact-foundry-prod/ah-3p-staging-python/pyyaml/PyYAML-6.0.2-cp312-cp312-macosx_10_9_x86_64.whl", hash = "sha256:c70c95198c015b85feafc136515252a261a84561b7b1d51e3384e0655ddf25ab" },
    { url = "https://us-python.pkg.dev/artifact-foundry-prod/ah-3p-staging-python/pyyaml/PyYAML-6.0.2-cp312-cp312-macosx_11_0_arm64.whl", hash = "sha256:ce826d6ef20b1bc864f0a68340c8b3287705cae2f8b4b1d932177dcc76721725" },
    { url = "https://us-python.pkg.dev/artifact-foundry-prod/ah-3p-staging-python/pyyaml/PyYAML-6.0.2-cp312-cp312-manylinux_2_17_aarch64.manylinux2014_aarch64.whl", hash = "sha256:1f71ea527786de97d1a0cc0eacd1defc0985dcf6b3f17bb77dcfc8c34bec4dc5" },
    { url = "https://us-python.pkg.dev/artifact-foundry-prod/ah-3p-staging-python/pyyaml/PyYAML-6.0.2-cp312-cp312-manylinux_2_17_s390x.manylinux2014_s390x.whl", hash = "sha256:9b22676e8097e9e22e36d6b7bda33190d0d400f345f23d4065d48f4ca7ae0425" },
    { url = "https://us-python.pkg.dev/artifact-foundry-prod/ah-3p-staging-python/pyyaml/PyYAML-6.0.2-cp312-cp312-manylinux_2_17_x86_64.manylinux2014_x86_64.whl", hash = "sha256:80bab7bfc629882493af4aa31a4cfa43a4c57c83813253626916b8c7ada83476" },
    { url = "https://us-python.pkg.dev/artifact-foundry-prod/ah-3p-staging-python/pyyaml/PyYAML-6.0.2-cp312-cp312-musllinux_1_1_aarch64.whl", hash = "sha256:0833f8694549e586547b576dcfaba4a6b55b9e96098b36cdc7ebefe667dfed48" },
    { url = "https://us-python.pkg.dev/artifact-foundry-prod/ah-3p-staging-python/pyyaml/PyYAML-6.0.2-cp312-cp312-musllinux_1_1_x86_64.whl", hash = "sha256:8b9c7197f7cb2738065c481a0461e50ad02f18c78cd75775628afb4d7137fb3b" },
    { url = "https://us-python.pkg.dev/artifact-foundry-prod/ah-3p-staging-python/pyyaml/PyYAML-6.0.2-cp312-cp312-win32.whl", hash = "sha256:ef6107725bd54b262d6dedcc2af448a266975032bc85ef0172c5f059da6325b4" },
    { url = "https://us-python.pkg.dev/artifact-foundry-prod/ah-3p-staging-python/pyyaml/PyYAML-6.0.2-cp312-cp312-win_amd64.whl", hash = "sha256:7e7401d0de89a9a855c839bc697c079a4af81cf878373abd7dc625847d25cbd8" },
    { url = "https://us-python.pkg.dev/artifact-foundry-prod/ah-3p-staging-python/pyyaml/PyYAML-6.0.2-cp313-cp313-macosx_10_13_x86_64.whl", hash = "sha256:efdca5630322a10774e8e98e1af481aad470dd62c3170801852d752aa7a783ba" },
    { url = "https://us-python.pkg.dev/artifact-foundry-prod/ah-3p-staging-python/pyyaml/PyYAML-6.0.2-cp313-cp313-macosx_11_0_arm64.whl", hash = "sha256:50187695423ffe49e2deacb8cd10510bc361faac997de9efef88badc3bb9e2d1" },
    { url = "https://us-python.pkg.dev/artifact-foundry-prod/ah-3p-staging-python/pyyaml/PyYAML-6.0.2-cp313-cp313-manylinux_2_17_aarch64.manylinux2014_aarch64.whl", hash = "sha256:0ffe8360bab4910ef1b9e87fb812d8bc0a308b0d0eef8c8f44e0254ab3b07133" },
    { url = "https://us-python.pkg.dev/artifact-foundry-prod/ah-3p-staging-python/pyyaml/PyYAML-6.0.2-cp313-cp313-manylinux_2_17_s390x.manylinux2014_s390x.whl", hash = "sha256:17e311b6c678207928d649faa7cb0d7b4c26a0ba73d41e99c4fff6b6c3276484" },
    { url = "https://us-python.pkg.dev/artifact-foundry-prod/ah-3p-staging-python/pyyaml/PyYAML-6.0.2-cp313-cp313-manylinux_2_17_x86_64.manylinux2014_x86_64.whl", hash = "sha256:70b189594dbe54f75ab3a1acec5f1e3faa7e8cf2f1e08d9b561cb41b845f69d5" },
    { url = "https://us-python.pkg.dev/artifact-foundry-prod/ah-3p-staging-python/pyyaml/PyYAML-6.0.2-cp313-cp313-musllinux_1_1_aarch64.whl", hash = "sha256:41e4e3953a79407c794916fa277a82531dd93aad34e29c2a514c2c0c5fe971cc" },
    { url = "https://us-python.pkg.dev/artifact-foundry-prod/ah-3p-staging-python/pyyaml/PyYAML-6.0.2-cp313-cp313-musllinux_1_1_x86_64.whl", hash = "sha256:68ccc6023a3400877818152ad9a1033e3db8625d899c72eacb5a668902e4d652" },
    { url = "https://us-python.pkg.dev/artifact-foundry-prod/ah-3p-staging-python/pyyaml/PyYAML-6.0.2-cp313-cp313-win32.whl", hash = "sha256:bc2fa7c6b47d6bc618dd7fb02ef6fdedb1090ec036abab80d4681424b84c1183" },
    { url = "https://us-python.pkg.dev/artifact-foundry-prod/ah-3p-staging-python/pyyaml/PyYAML-6.0.2-cp313-cp313-win_amd64.whl", hash = "sha256:8388ee1976c416731879ac16da0aff3f63b286ffdd57cdeb95f3f2e085687563" },
]

[[package]]
name = "referencing"
version = "0.36.2"
source = { registry = "https://us-python.pkg.dev/artifact-foundry-prod/ah-3p-staging-python/simple/" }
dependencies = [
    { name = "attrs" },
    { name = "rpds-py" },
    { name = "typing-extensions", marker = "python_full_version < '3.13'" },
]
sdist = { url = "https://us-python.pkg.dev/artifact-foundry-prod/ah-3p-staging-python/referencing/referencing-0.36.2.tar.gz", hash = "sha256:df2e89862cd09deabbdba16944cc3f10feb6b3e6f18e902f7cc25609a34775aa" }
wheels = [
    { url = "https://us-python.pkg.dev/artifact-foundry-prod/ah-3p-staging-python/referencing/referencing-0.36.2-py3-none-any.whl", hash = "sha256:e8699adbbf8b5c7de96d8ffa0eb5c158b3beafce084968e2ea8bb08c6794dcd0" },
]

[[package]]
name = "requests"
version = "2.32.4"
source = { registry = "https://us-python.pkg.dev/artifact-foundry-prod/ah-3p-staging-python/simple/" }
dependencies = [
    { name = "certifi" },
    { name = "charset-normalizer" },
    { name = "idna" },
    { name = "urllib3" },
]
sdist = { url = "https://us-python.pkg.dev/artifact-foundry-prod/ah-3p-staging-python/requests/requests-2.32.4.tar.gz", hash = "sha256:27d0316682c8a29834d3264820024b62a36942083d52caf2f14c0591336d3422" }
wheels = [
    { url = "https://us-python.pkg.dev/artifact-foundry-prod/ah-3p-staging-python/requests/requests-2.32.4-py3-none-any.whl", hash = "sha256:27babd3cda2a6d50b30443204ee89830707d396671944c998b5975b031ac2b2c" },
]

[[package]]
name = "rpds-py"
version = "0.25.1"
source = { registry = "https://us-python.pkg.dev/artifact-foundry-prod/ah-3p-staging-python/simple/" }
sdist = { url = "https://us-python.pkg.dev/artifact-foundry-prod/ah-3p-staging-python/rpds-py/rpds_py-0.25.1.tar.gz", hash = "sha256:8960b6dac09b62dac26e75d7e2c4a22efb835d827a7278c34f72b2b84fa160e3" }
wheels = [
    { url = "https://us-python.pkg.dev/artifact-foundry-prod/ah-3p-staging-python/rpds-py/rpds_py-0.25.1-cp312-cp312-macosx_10_12_x86_64.whl", hash = "sha256:b5ffe453cde61f73fea9430223c81d29e2fbf412a6073951102146c84e19e34c" },
    { url = "https://us-python.pkg.dev/artifact-foundry-prod/ah-3p-staging-python/rpds-py/rpds_py-0.25.1-cp312-cp312-macosx_11_0_arm64.whl", hash = "sha256:115874ae5e2fdcfc16b2aedc95b5eef4aebe91b28e7e21951eda8a5dc0d3461b" },
    { url = "https://us-python.pkg.dev/artifact-foundry-prod/ah-3p-staging-python/rpds-py/rpds_py-0.25.1-cp312-cp312-manylinux_2_17_aarch64.manylinux2014_aarch64.whl", hash = "sha256:a714bf6e5e81b0e570d01f56e0c89c6375101b8463999ead3a93a5d2a4af91fa" },
    { url = "https://us-python.pkg.dev/artifact-foundry-prod/ah-3p-staging-python/rpds-py/rpds_py-0.25.1-cp312-cp312-manylinux_2_17_armv7l.manylinux2014_armv7l.whl", hash = "sha256:35634369325906bcd01577da4c19e3b9541a15e99f31e91a02d010816b49bfda" },
    { url = "https://us-python.pkg.dev/artifact-foundry-prod/ah-3p-staging-python/rpds-py/rpds_py-0.25.1-cp312-cp312-manylinux_2_17_ppc64le.manylinux2014_ppc64le.whl", hash = "sha256:d4cb2b3ddc16710548801c6fcc0cfcdeeff9dafbc983f77265877793f2660309" },
    { url = "https://us-python.pkg.dev/artifact-foundry-prod/ah-3p-staging-python/rpds-py/rpds_py-0.25.1-cp312-cp312-manylinux_2_17_s390x.manylinux2014_s390x.whl", hash = "sha256:9ceca1cf097ed77e1a51f1dbc8d174d10cb5931c188a4505ff9f3e119dfe519b" },
    { url = "https://us-python.pkg.dev/artifact-foundry-prod/ah-3p-staging-python/rpds-py/rpds_py-0.25.1-cp312-cp312-manylinux_2_17_x86_64.manylinux2014_x86_64.whl", hash = "sha256:2c2cd1a4b0c2b8c5e31ffff50d09f39906fe351389ba143c195566056c13a7ea" },
    { url = "https://us-python.pkg.dev/artifact-foundry-prod/ah-3p-staging-python/rpds-py/rpds_py-0.25.1-cp312-cp312-manylinux_2_5_i686.manylinux1_i686.whl", hash = "sha256:1de336a4b164c9188cb23f3703adb74a7623ab32d20090d0e9bf499a2203ad65" },
    { url = "https://us-python.pkg.dev/artifact-foundry-prod/ah-3p-staging-python/rpds-py/rpds_py-0.25.1-cp312-cp312-musllinux_1_2_aarch64.whl", hash = "sha256:9fca84a15333e925dd59ce01da0ffe2ffe0d6e5d29a9eeba2148916d1824948c" },
    { url = "https://us-python.pkg.dev/artifact-foundry-prod/ah-3p-staging-python/rpds-py/rpds_py-0.25.1-cp312-cp312-musllinux_1_2_i686.whl", hash = "sha256:88ec04afe0c59fa64e2f6ea0dd9657e04fc83e38de90f6de201954b4d4eb59bd" },
    { url = "https://us-python.pkg.dev/artifact-foundry-prod/ah-3p-staging-python/rpds-py/rpds_py-0.25.1-cp312-cp312-musllinux_1_2_x86_64.whl", hash = "sha256:a8bd2f19e312ce3e1d2c635618e8a8d8132892bb746a7cf74780a489f0f6cdcb" },
    { url = "https://us-python.pkg.dev/artifact-foundry-prod/ah-3p-staging-python/rpds-py/rpds_py-0.25.1-cp312-cp312-win32.whl", hash = "sha256:e5e2f7280d8d0d3ef06f3ec1b4fd598d386cc6f0721e54f09109a8132182fbfe" },
    { url = "https://us-python.pkg.dev/artifact-foundry-prod/ah-3p-staging-python/rpds-py/rpds_py-0.25.1-cp312-cp312-win_amd64.whl", hash = "sha256:db58483f71c5db67d643857404da360dce3573031586034b7d59f245144cc192" },
    { url = "https://us-python.pkg.dev/artifact-foundry-prod/ah-3p-staging-python/rpds-py/rpds_py-0.25.1-cp312-cp312-win_arm64.whl", hash = "sha256:6d50841c425d16faf3206ddbba44c21aa3310a0cebc3c1cdfc3e3f4f9f6f5728" },
    { url = "https://us-python.pkg.dev/artifact-foundry-prod/ah-3p-staging-python/rpds-py/rpds_py-0.25.1-cp313-cp313-macosx_10_12_x86_64.whl", hash = "sha256:659d87430a8c8c704d52d094f5ba6fa72ef13b4d385b7e542a08fc240cb4a559" },
    { url = "https://us-python.pkg.dev/artifact-foundry-prod/ah-3p-staging-python/rpds-py/rpds_py-0.25.1-cp313-cp313-macosx_11_0_arm64.whl", hash = "sha256:68f6f060f0bbdfb0245267da014d3a6da9be127fe3e8cc4a68c6f833f8a23bb1" },
    { url = "https://us-python.pkg.dev/artifact-foundry-prod/ah-3p-staging-python/rpds-py/rpds_py-0.25.1-cp313-cp313-manylinux_2_17_aarch64.manylinux2014_aarch64.whl", hash = "sha256:083a9513a33e0b92cf6e7a6366036c6bb43ea595332c1ab5c8ae329e4bcc0a9c" },
    { url = "https://us-python.pkg.dev/artifact-foundry-prod/ah-3p-staging-python/rpds-py/rpds_py-0.25.1-cp313-cp313-manylinux_2_17_armv7l.manylinux2014_armv7l.whl", hash = "sha256:816568614ecb22b18a010c7a12559c19f6fe993526af88e95a76d5a60b8b75fb" },
    { url = "https://us-python.pkg.dev/artifact-foundry-prod/ah-3p-staging-python/rpds-py/rpds_py-0.25.1-cp313-cp313-manylinux_2_17_ppc64le.manylinux2014_ppc64le.whl", hash = "sha256:3c6564c0947a7f52e4792983f8e6cf9bac140438ebf81f527a21d944f2fd0a40" },
    { url = "https://us-python.pkg.dev/artifact-foundry-prod/ah-3p-staging-python/rpds-py/rpds_py-0.25.1-cp313-cp313-manylinux_2_17_s390x.manylinux2014_s390x.whl", hash = "sha256:5c4a128527fe415d73cf1f70a9a688d06130d5810be69f3b553bf7b45e8acf79" },
    { url = "https://us-python.pkg.dev/artifact-foundry-prod/ah-3p-staging-python/rpds-py/rpds_py-0.25.1-cp313-cp313-manylinux_2_17_x86_64.manylinux2014_x86_64.whl", hash = "sha256:a49e1d7a4978ed554f095430b89ecc23f42014a50ac385eb0c4d163ce213c325" },
    { url = "https://us-python.pkg.dev/artifact-foundry-prod/ah-3p-staging-python/rpds-py/rpds_py-0.25.1-cp313-cp313-manylinux_2_5_i686.manylinux1_i686.whl", hash = "sha256:d74ec9bc0e2feb81d3f16946b005748119c0f52a153f6db6a29e8cd68636f295" },
    { url = "https://us-python.pkg.dev/artifact-foundry-prod/ah-3p-staging-python/rpds-py/rpds_py-0.25.1-cp313-cp313-musllinux_1_2_aarch64.whl", hash = "sha256:3af5b4cc10fa41e5bc64e5c198a1b2d2864337f8fcbb9a67e747e34002ce812b" },
    { url = "https://us-python.pkg.dev/artifact-foundry-prod/ah-3p-staging-python/rpds-py/rpds_py-0.25.1-cp313-cp313-musllinux_1_2_i686.whl", hash = "sha256:79dc317a5f1c51fd9c6a0c4f48209c6b8526d0524a6904fc1076476e79b00f98" },
    { url = "https://us-python.pkg.dev/artifact-foundry-prod/ah-3p-staging-python/rpds-py/rpds_py-0.25.1-cp313-cp313-musllinux_1_2_x86_64.whl", hash = "sha256:1521031351865e0181bc585147624d66b3b00a84109b57fcb7a779c3ec3772cd" },
    { url = "https://us-python.pkg.dev/artifact-foundry-prod/ah-3p-staging-python/rpds-py/rpds_py-0.25.1-cp313-cp313-win32.whl", hash = "sha256:5d473be2b13600b93a5675d78f59e63b51b1ba2d0476893415dfbb5477e65b31" },
    { url = "https://us-python.pkg.dev/artifact-foundry-prod/ah-3p-staging-python/rpds-py/rpds_py-0.25.1-cp313-cp313-win_amd64.whl", hash = "sha256:a7b74e92a3b212390bdce1d93da9f6488c3878c1d434c5e751cbc202c5e09500" },
    { url = "https://us-python.pkg.dev/artifact-foundry-prod/ah-3p-staging-python/rpds-py/rpds_py-0.25.1-cp313-cp313-win_arm64.whl", hash = "sha256:dd326a81afe332ede08eb39ab75b301d5676802cdffd3a8f287a5f0b694dc3f5" },
    { url = "https://us-python.pkg.dev/artifact-foundry-prod/ah-3p-staging-python/rpds-py/rpds_py-0.25.1-cp313-cp313t-macosx_10_12_x86_64.whl", hash = "sha256:a58d1ed49a94d4183483a3ce0af22f20318d4a1434acee255d683ad90bf78129" },
    { url = "https://us-python.pkg.dev/artifact-foundry-prod/ah-3p-staging-python/rpds-py/rpds_py-0.25.1-cp313-cp313t-macosx_11_0_arm64.whl", hash = "sha256:f251bf23deb8332823aef1da169d5d89fa84c89f67bdfb566c49dea1fccfd50d" },
    { url = "https://us-python.pkg.dev/artifact-foundry-prod/ah-3p-staging-python/rpds-py/rpds_py-0.25.1-cp313-cp313t-manylinux_2_17_aarch64.manylinux2014_aarch64.whl", hash = "sha256:8dbd586bfa270c1103ece2109314dd423df1fa3d9719928b5d09e4840cec0d72" },
    { url = "https://us-python.pkg.dev/artifact-foundry-prod/ah-3p-staging-python/rpds-py/rpds_py-0.25.1-cp313-cp313t-manylinux_2_17_armv7l.manylinux2014_armv7l.whl", hash = "sha256:6d273f136e912aa101a9274c3145dcbddbe4bac560e77e6d5b3c9f6e0ed06d34" },
    { url = "https://us-python.pkg.dev/artifact-foundry-prod/ah-3p-staging-python/rpds-py/rpds_py-0.25.1-cp313-cp313t-manylinux_2_17_ppc64le.manylinux2014_ppc64le.whl", hash = "sha256:666fa7b1bd0a3810a7f18f6d3a25ccd8866291fbbc3c9b912b917a6715874bb9" },
    { url = "https://us-python.pkg.dev/artifact-foundry-prod/ah-3p-staging-python/rpds-py/rpds_py-0.25.1-cp313-cp313t-manylinux_2_17_s390x.manylinux2014_s390x.whl", hash = "sha256:921954d7fbf3fccc7de8f717799304b14b6d9a45bbeec5a8d7408ccbf531faf5" },
    { url = "https://us-python.pkg.dev/artifact-foundry-prod/ah-3p-staging-python/rpds-py/rpds_py-0.25.1-cp313-cp313t-manylinux_2_17_x86_64.manylinux2014_x86_64.whl", hash = "sha256:f3d86373ff19ca0441ebeb696ef64cb58b8b5cbacffcda5a0ec2f3911732a194" },
    { url = "https://us-python.pkg.dev/artifact-foundry-prod/ah-3p-staging-python/rpds-py/rpds_py-0.25.1-cp313-cp313t-manylinux_2_5_i686.manylinux1_i686.whl", hash = "sha256:c8980cde3bb8575e7c956a530f2c217c1d6aac453474bf3ea0f9c89868b531b6" },
    { url = "https://us-python.pkg.dev/artifact-foundry-prod/ah-3p-staging-python/rpds-py/rpds_py-0.25.1-cp313-cp313t-musllinux_1_2_aarch64.whl", hash = "sha256:8eb8c84ecea987a2523e057c0d950bcb3f789696c0499290b8d7b3107a719d78" },
    { url = "https://us-python.pkg.dev/artifact-foundry-prod/ah-3p-staging-python/rpds-py/rpds_py-0.25.1-cp313-cp313t-musllinux_1_2_i686.whl", hash = "sha256:e43a005671a9ed5a650f3bc39e4dbccd6d4326b24fb5ea8be5f3a43a6f576c72" },
    { url = "https://us-python.pkg.dev/artifact-foundry-prod/ah-3p-staging-python/rpds-py/rpds_py-0.25.1-cp313-cp313t-musllinux_1_2_x86_64.whl", hash = "sha256:58f77c60956501a4a627749a6dcb78dac522f249dd96b5c9f1c6af29bfacfb66" },
    { url = "https://us-python.pkg.dev/artifact-foundry-prod/ah-3p-staging-python/rpds-py/rpds_py-0.25.1-cp313-cp313t-win32.whl", hash = "sha256:2cb9e5b5e26fc02c8a4345048cd9998c2aca7c2712bd1b36da0c72ee969a3523" },
    { url = "https://us-python.pkg.dev/artifact-foundry-prod/ah-3p-staging-python/rpds-py/rpds_py-0.25.1-cp313-cp313t-win_amd64.whl", hash = "sha256:401ca1c4a20cc0510d3435d89c069fe0a9ae2ee6495135ac46bdd49ec0495763" },
]

[[package]]
name = "soupsieve"
version = "2.7"
source = { registry = "https://us-python.pkg.dev/artifact-foundry-prod/ah-3p-staging-python/simple/" }
sdist = { url = "https://us-python.pkg.dev/artifact-foundry-prod/ah-3p-staging-python/soupsieve/soupsieve-2.7.tar.gz", hash = "sha256:ad282f9b6926286d2ead4750552c8a6142bc4c783fd66b0293547c8fe6ae126a" }
wheels = [
    { url = "https://us-python.pkg.dev/artifact-foundry-prod/ah-3p-staging-python/soupsieve/soupsieve-2.7-py3-none-any.whl", hash = "sha256:6e60cc5c1ffaf1cebcc12e8188320b72071e922c2e897f737cadce79ad5d30c4" },
]

[[package]]
name = "tftest"
version = "1.8.5"
source = { registry = "https://us-python.pkg.dev/artifact-foundry-prod/ah-3p-staging-python/simple/" }
sdist = { url = "https://us-python.pkg.dev/artifact-foundry-prod/ah-3p-staging-python/tftest/tftest-1.8.5.tar.gz", hash = "sha256:4dc4cbe3dd6c89b0d8732ac5ec8d1ed27e4e3aff26374baa42af6e5c90087df8" }
wheels = [
    { url = "https://us-python.pkg.dev/artifact-foundry-prod/ah-3p-staging-python/tftest/tftest-1.8.5-py3-none-any.whl", hash = "sha256:8162043ed30f80c8606a89e9fe68f68840972ea36d9c8b1e40fa27cbf463eaf3" },
]

[[package]]
name = "typing-extensions"
version = "4.14.0"
source = { registry = "https://us-python.pkg.dev/artifact-foundry-prod/ah-3p-staging-python/simple/" }
sdist = { url = "https://us-python.pkg.dev/artifact-foundry-prod/ah-3p-staging-python/typing-extensions/typing_extensions-4.14.0.tar.gz", hash = "sha256:8676b788e32f02ab42d9e7c61324048ae4c6d844a399eebace3d4979d75ceef4" }
wheels = [
    { url = "https://us-python.pkg.dev/artifact-foundry-prod/ah-3p-staging-python/typing-extensions/typing_extensions-4.14.0-py3-none-any.whl", hash = "sha256:a1514509136dd0b477638fc68d6a91497af5076466ad0fa6c338e44e359944af" },
]

[[package]]
name = "urllib3"
version = "2.6.3"
source = { registry = "https://pypi.org/simple" }
sdist = { url = "https://files.pythonhosted.org/packages/c7/24/5f1b3bdffd70275f6661c76461e25f024d5a38a46f04aaca912426a2b1d3/urllib3-2.6.3.tar.gz", hash = "sha256:1b62b6884944a57dbe321509ab94fd4d3b307075e0c2eae991ac71ee15ad38ed", size = 435556, upload-time = "2026-01-07T16:24:43.925Z" }
wheels = [
    { url = "https://files.pythonhosted.org/packages/39/08/aaaad47bc4e9dc8c725e68f9d04865dbcb2052843ff09c97b08904852d84/urllib3-2.6.3-py3-none-any.whl", hash = "sha256:bf272323e553dfb2e87d9bfd225ca7b0f467b919d7bbd355436d3fd37cb0acd4", size = 131584, upload-time = "2026-01-07T16:24:42.685Z" },
]

[[package]]
name = "yamale"
version = "6.0.0"
source = { registry = "https://us-python.pkg.dev/artifact-foundry-prod/ah-3p-staging-python/simple/" }
dependencies = [
    { name = "pyyaml" },
]
sdist = { url = "https://us-python.pkg.dev/artifact-foundry-prod/ah-3p-staging-python/yamale/yamale-6.0.0.tar.gz", hash = "sha256:60be681f35e4939320b89de0d6f187ee0e5479ae7f7286b7f17f0859ddee4a66" }
wheels = [
    { url = "https://us-python.pkg.dev/artifact-foundry-prod/ah-3p-staging-python/yamale/yamale-6.0.0-py3-none-any.whl", hash = "sha256:828c6cf2023101ec97d2759dfdc507e04ecfc0c6d39d500c00c37ec895ada53b" },
]

[[package]]
name = "yapf"
version = "0.43.0"
source = { registry = "https://us-python.pkg.dev/artifact-foundry-prod/ah-3p-staging-python/simple/" }
dependencies = [
    { name = "platformdirs" },
]
sdist = { url = "https://us-python.pkg.dev/artifact-foundry-prod/ah-3p-staging-python/yapf/yapf-0.43.0.tar.gz", hash = "sha256:00d3aa24bfedff9420b2e0d5d9f5ab6d9d4268e72afbf59bb3fa542781d5218e" }
wheels = [
    { url = "https://us-python.pkg.dev/artifact-foundry-prod/ah-3p-staging-python/yapf/yapf-0.43.0-py3-none-any.whl", hash = "sha256:224faffbc39c428cb095818cf6ef5511fdab6f7430a10783fdfb292ccf2852ca" },
]
